// !$*UTF8*$!
{
	archiveVersion = 1;
	classes = {
	};
	objectVersion = 55;
	objects = {

/* Begin PBXBuildFile section */
		5908BD522894142100B8D037 /* main.cpp in Sources */ = {isa = PBXBuildFile; fileRef = 5908BD512894142100B8D037 /* main.cpp */; };
		5908C0192894150400B8D037 /* pngrio.c in Sources */ = {isa = PBXBuildFile; fileRef = 5908BD602894150200B8D037 /* pngrio.c */; };
		5908C01A2894150400B8D037 /* pngerror.c in Sources */ = {isa = PBXBuildFile; fileRef = 5908BD632894150200B8D037 /* pngerror.c */; };
		5908C01B2894150400B8D037 /* pngwio.c in Sources */ = {isa = PBXBuildFile; fileRef = 5908BD682894150200B8D037 /* pngwio.c */; };
		5908C01E2894150400B8D037 /* pngtrans.c in Sources */ = {isa = PBXBuildFile; fileRef = 5908BD6F2894150200B8D037 /* pngtrans.c */; };
		5908C0212894150400B8D037 /* pngwrite.c in Sources */ = {isa = PBXBuildFile; fileRef = 5908BD992894150200B8D037 /* pngwrite.c */; };
		5908C04E2894150400B8D037 /* pngwutil.c in Sources */ = {isa = PBXBuildFile; fileRef = 5908BF042894150300B8D037 /* pngwutil.c */; };
		5908C04F2894150400B8D037 /* pngwtran.c in Sources */ = {isa = PBXBuildFile; fileRef = 5908BF072894150300B8D037 /* pngwtran.c */; };
		5908C0532894150400B8D037 /* pngpread.c in Sources */ = {isa = PBXBuildFile; fileRef = 5908BF102894150300B8D037 /* pngpread.c */; };
		5908C0542894150400B8D037 /* pngread.c in Sources */ = {isa = PBXBuildFile; fileRef = 5908BF122894150300B8D037 /* pngread.c */; };
		5908C05F2894150400B8D037 /* pngmem.c in Sources */ = {isa = PBXBuildFile; fileRef = 5908BF612894150400B8D037 /* pngmem.c */; };
		5908C0602894150400B8D037 /* pngget.c in Sources */ = {isa = PBXBuildFile; fileRef = 5908BF632894150400B8D037 /* pngget.c */; };
		5908C0612894150400B8D037 /* png.c in Sources */ = {isa = PBXBuildFile; fileRef = 5908BF652894150400B8D037 /* png.c */; };
		5908C0622894150400B8D037 /* pngrtran.c in Sources */ = {isa = PBXBuildFile; fileRef = 5908BF662894150400B8D037 /* pngrtran.c */; };
		5908C0632894150400B8D037 /* pngrutil.c in Sources */ = {isa = PBXBuildFile; fileRef = 5908BF672894150400B8D037 /* pngrutil.c */; };
		5908C0642894150400B8D037 /* pngset.c in Sources */ = {isa = PBXBuildFile; fileRef = 5908BF692894150400B8D037 /* pngset.c */; };
		5908C0652894150400B8D037 /* egif_lib.c in Sources */ = {isa = PBXBuildFile; fileRef = 5908BF6D2894150400B8D037 /* egif_lib.c */; };
		5908C0662894150400B8D037 /* dgif_lib.c in Sources */ = {isa = PBXBuildFile; fileRef = 5908BF6E2894150400B8D037 /* dgif_lib.c */; };
		5908C0692894150400B8D037 /* qprintf.c in Sources */ = {isa = PBXBuildFile; fileRef = 5908BF732894150400B8D037 /* qprintf.c */; };
		5908C06B2894150400B8D037 /* getarg.c in Sources */ = {isa = PBXBuildFile; fileRef = 5908BF752894150400B8D037 /* getarg.c */; };
		5908C06D2894150400B8D037 /* openbsd-reallocarray.c in Sources */ = {isa = PBXBuildFile; fileRef = 5908BF792894150400B8D037 /* openbsd-reallocarray.c */; };
		5908C06E2894150400B8D037 /* gifalloc.c in Sources */ = {isa = PBXBuildFile; fileRef = 5908BF7A2894150400B8D037 /* gifalloc.c */; };
		5908C0752894150400B8D037 /* quantize.c in Sources */ = {isa = PBXBuildFile; fileRef = 5908BFAE2894150400B8D037 /* quantize.c */; };
		5908C0762894150400B8D037 /* gif_hash.c in Sources */ = {isa = PBXBuildFile; fileRef = 5908BFB02894150400B8D037 /* gif_hash.c */; };
		5908C0772894150400B8D037 /* gif_font.c in Sources */ = {isa = PBXBuildFile; fileRef = 5908BFB22894150400B8D037 /* gif_font.c */; };
		5908C07A2894150400B8D037 /* gif_err.c in Sources */ = {isa = PBXBuildFile; fileRef = 5908C00E2894150400B8D037 /* gif_err.c */; };
/* End PBXBuildFile section */

/* Begin PBXCopyFilesBuildPhase section */
		5908BD4C2894142100B8D037 /* CopyFiles */ = {
			isa = PBXCopyFilesBuildPhase;
			buildActionMask = 2147483647;
			dstPath = /usr/share/man/man1/;
			dstSubfolderSpec = 0;
			files = (
			);
			runOnlyForDeploymentPostprocessing = 1;
		};
/* End PBXCopyFilesBuildPhase section */

/* Begin PBXFileReference section */
		5908BD4E2894142100B8D037 /* images_op */ = {isa = PBXFileReference; explicitFileType = "compiled.mach-o.executable"; includeInIndex = 0; path = images_op; sourceTree = BUILT_PRODUCTS_DIR; };
		5908BD512894142100B8D037 /* main.cpp */ = {isa = PBXFileReference; lastKnownFileType = sourcecode.cpp.cpp; path = main.cpp; sourceTree = "<group>"; };
		5908BD5D2894150200B8D037 /* pnginfo.h */ = {isa = PBXFileReference; fileEncoding = 4; lastKnownFileType = sourcecode.c.h; path = pnginfo.h; sourceTree = "<group>"; };
		5908BD602894150200B8D037 /* pngrio.c */ = {isa = PBXFileReference; fileEncoding = 4; lastKnownFileType = sourcecode.c.c; path = pngrio.c; sourceTree = "<group>"; };
		5908BD632894150200B8D037 /* pngerror.c */ = {isa = PBXFileReference; fileEncoding = 4; lastKnownFileType = sourcecode.c.c; path = pngerror.c; sourceTree = "<group>"; };
		5908BD682894150200B8D037 /* pngwio.c */ = {isa = PBXFileReference; fileEncoding = 4; lastKnownFileType = sourcecode.c.c; path = pngwio.c; sourceTree = "<group>"; };
		5908BD6C2894150200B8D037 /* pngstruct.h */ = {isa = PBXFileReference; fileEncoding = 4; lastKnownFileType = sourcecode.c.h; path = pngstruct.h; sourceTree = "<group>"; };
		5908BD6F2894150200B8D037 /* pngtrans.c */ = {isa = PBXFileReference; fileEncoding = 4; lastKnownFileType = sourcecode.c.c; path = pngtrans.c; sourceTree = "<group>"; };
		5908BD722894150200B8D037 /* pngpriv.h */ = {isa = PBXFileReference; fileEncoding = 4; lastKnownFileType = sourcecode.c.h; path = pngpriv.h; sourceTree = "<group>"; };
		5908BD992894150200B8D037 /* pngwrite.c */ = {isa = PBXFileReference; fileEncoding = 4; lastKnownFileType = sourcecode.c.c; path = pngwrite.c; sourceTree = "<group>"; };
		5908BDC02894150200B8D037 /* png.h */ = {isa = PBXFileReference; fileEncoding = 4; lastKnownFileType = sourcecode.c.h; path = png.h; sourceTree = "<group>"; };
		5908BF042894150300B8D037 /* pngwutil.c */ = {isa = PBXFileReference; fileEncoding = 4; lastKnownFileType = sourcecode.c.c; path = pngwutil.c; sourceTree = "<group>"; };
		5908BF072894150300B8D037 /* pngwtran.c */ = {isa = PBXFileReference; fileEncoding = 4; lastKnownFileType = sourcecode.c.c; path = pngwtran.c; sourceTree = "<group>"; };
		5908BF0F2894150300B8D037 /* pngconf.h */ = {isa = PBXFileReference; fileEncoding = 4; lastKnownFileType = sourcecode.c.h; path = pngconf.h; sourceTree = "<group>"; };
		5908BF102894150300B8D037 /* pngpread.c */ = {isa = PBXFileReference; fileEncoding = 4; lastKnownFileType = sourcecode.c.c; path = pngpread.c; sourceTree = "<group>"; };
		5908BF112894150300B8D037 /* pngdebug.h */ = {isa = PBXFileReference; fileEncoding = 4; lastKnownFileType = sourcecode.c.h; path = pngdebug.h; sourceTree = "<group>"; };
		5908BF122894150300B8D037 /* pngread.c */ = {isa = PBXFileReference; fileEncoding = 4; lastKnownFileType = sourcecode.c.c; path = pngread.c; sourceTree = "<group>"; };
		5908BF612894150400B8D037 /* pngmem.c */ = {isa = PBXFileReference; fileEncoding = 4; lastKnownFileType = sourcecode.c.c; path = pngmem.c; sourceTree = "<group>"; };
		5908BF632894150400B8D037 /* pngget.c */ = {isa = PBXFileReference; fileEncoding = 4; lastKnownFileType = sourcecode.c.c; path = pngget.c; sourceTree = "<group>"; };
		5908BF652894150400B8D037 /* png.c */ = {isa = PBXFileReference; fileEncoding = 4; lastKnownFileType = sourcecode.c.c; path = png.c; sourceTree = "<group>"; };
		5908BF662894150400B8D037 /* pngrtran.c */ = {isa = PBXFileReference; fileEncoding = 4; lastKnownFileType = sourcecode.c.c; path = pngrtran.c; sourceTree = "<group>"; };
		5908BF672894150400B8D037 /* pngrutil.c */ = {isa = PBXFileReference; fileEncoding = 4; lastKnownFileType = sourcecode.c.c; path = pngrutil.c; sourceTree = "<group>"; };
		5908BF692894150400B8D037 /* pngset.c */ = {isa = PBXFileReference; fileEncoding = 4; lastKnownFileType = sourcecode.c.c; path = pngset.c; sourceTree = "<group>"; };
		5908BF6D2894150400B8D037 /* egif_lib.c */ = {isa = PBXFileReference; fileEncoding = 4; lastKnownFileType = sourcecode.c.c; path = egif_lib.c; sourceTree = "<group>"; };
		5908BF6E2894150400B8D037 /* dgif_lib.c */ = {isa = PBXFileReference; fileEncoding = 4; lastKnownFileType = sourcecode.c.c; path = dgif_lib.c; sourceTree = "<group>"; };
		5908BF702894150400B8D037 /* giftool.c */ = {isa = PBXFileReference; fileEncoding = 4; lastKnownFileType = sourcecode.c.c; path = giftool.c; sourceTree = "<group>"; };
		5908BF712894150400B8D037 /* gif_hash.h */ = {isa = PBXFileReference; fileEncoding = 4; lastKnownFileType = sourcecode.c.h; path = gif_hash.h; sourceTree = "<group>"; };
		5908BF722894150400B8D037 /* giffix.c */ = {isa = PBXFileReference; fileEncoding = 4; lastKnownFileType = sourcecode.c.c; path = giffix.c; sourceTree = "<group>"; };
		5908BF732894150400B8D037 /* qprintf.c */ = {isa = PBXFileReference; fileEncoding = 4; lastKnownFileType = sourcecode.c.c; path = qprintf.c; sourceTree = "<group>"; };
		5908BF742894150400B8D037 /* gifinto.c */ = {isa = PBXFileReference; fileEncoding = 4; lastKnownFileType = sourcecode.c.c; path = gifinto.c; sourceTree = "<group>"; };
		5908BF752894150400B8D037 /* getarg.c */ = {isa = PBXFileReference; fileEncoding = 4; lastKnownFileType = sourcecode.c.c; path = getarg.c; sourceTree = "<group>"; };
		5908BF772894150400B8D037 /* gif_lib_private.h */ = {isa = PBXFileReference; fileEncoding = 4; lastKnownFileType = sourcecode.c.h; path = gif_lib_private.h; sourceTree = "<group>"; };
		5908BF792894150400B8D037 /* openbsd-reallocarray.c */ = {isa = PBXFileReference; fileEncoding = 4; lastKnownFileType = sourcecode.c.c; path = "openbsd-reallocarray.c"; sourceTree = "<group>"; };
		5908BF7A2894150400B8D037 /* gifalloc.c */ = {isa = PBXFileReference; fileEncoding = 4; lastKnownFileType = sourcecode.c.c; path = gifalloc.c; sourceTree = "<group>"; };
		5908BF7B2894150400B8D037 /* gifsponge.c */ = {isa = PBXFileReference; fileEncoding = 4; lastKnownFileType = sourcecode.c.c; path = gifsponge.c; sourceTree = "<group>"; };
		5908BF9D2894150400B8D037 /* gifwedge.c */ = {isa = PBXFileReference; fileEncoding = 4; lastKnownFileType = sourcecode.c.c; path = gifwedge.c; sourceTree = "<group>"; };
		5908BF9F2894150400B8D037 /* gifbuild.c */ = {isa = PBXFileReference; fileEncoding = 4; lastKnownFileType = sourcecode.c.c; path = gifbuild.c; sourceTree = "<group>"; };
		5908BFA02894150400B8D037 /* gifbg.c */ = {isa = PBXFileReference; fileEncoding = 4; lastKnownFileType = sourcecode.c.c; path = gifbg.c; sourceTree = "<group>"; };
		5908BFAC2894150400B8D037 /* giftext.c */ = {isa = PBXFileReference; fileEncoding = 4; lastKnownFileType = sourcecode.c.c; path = giftext.c; sourceTree = "<group>"; };
		5908BFAE2894150400B8D037 /* quantize.c */ = {isa = PBXFileReference; fileEncoding = 4; lastKnownFileType = sourcecode.c.c; path = quantize.c; sourceTree = "<group>"; };
		5908BFB02894150400B8D037 /* gif_hash.c */ = {isa = PBXFileReference; fileEncoding = 4; lastKnownFileType = sourcecode.c.c; path = gif_hash.c; sourceTree = "<group>"; };
		5908BFB12894150400B8D037 /* getarg.h */ = {isa = PBXFileReference; fileEncoding = 4; lastKnownFileType = sourcecode.c.h; path = getarg.h; sourceTree = "<group>"; };
		5908BFB22894150400B8D037 /* gif_font.c */ = {isa = PBXFileReference; fileEncoding = 4; lastKnownFileType = sourcecode.c.c; path = gif_font.c; sourceTree = "<group>"; };
		5908BFB32894150400B8D037 /* gifclrmp.c */ = {isa = PBXFileReference; fileEncoding = 4; lastKnownFileType = sourcecode.c.c; path = gifclrmp.c; sourceTree = "<group>"; };
		5908C00D2894150400B8D037 /* gif_lib.h */ = {isa = PBXFileReference; fileEncoding = 4; lastKnownFileType = sourcecode.c.h; path = gif_lib.h; sourceTree = "<group>"; };
		5908C00E2894150400B8D037 /* gif_err.c */ = {isa = PBXFileReference; fileEncoding = 4; lastKnownFileType = sourcecode.c.c; path = gif_err.c; sourceTree = "<group>"; };
		5908C00F2894150400B8D037 /* gifhisto.c */ = {isa = PBXFileReference; fileEncoding = 4; lastKnownFileType = sourcecode.c.c; path = gifhisto.c; sourceTree = "<group>"; };
		5908C0102894150400B8D037 /* gif2rgb.c */ = {isa = PBXFileReference; fileEncoding = 4; lastKnownFileType = sourcecode.c.c; path = gif2rgb.c; sourceTree = "<group>"; };
		5908C0112894150400B8D037 /* gifcolor.c */ = {isa = PBXFileReference; fileEncoding = 4; lastKnownFileType = sourcecode.c.c; path = gifcolor.c; sourceTree = "<group>"; };
		5908C0122894150400B8D037 /* gifecho.c */ = {isa = PBXFileReference; fileEncoding = 4; lastKnownFileType = sourcecode.c.c; path = gifecho.c; sourceTree = "<group>"; };
		5908C0152894150400B8D037 /* giffilter.c */ = {isa = PBXFileReference; fileEncoding = 4; lastKnownFileType = sourcecode.c.c; path = giffilter.c; sourceTree = "<group>"; };
		59CE4EF82897D14D00F57515 /* pnglibconf.h */ = {isa = PBXFileReference; lastKnownFileType = sourcecode.c.h; path = pnglibconf.h; sourceTree = "<group>"; };
		59CE4EF92897D15D00F57515 /* config.h */ = {isa = PBXFileReference; lastKnownFileType = sourcecode.c.h; path = config.h; sourceTree = "<group>"; };
/* End PBXFileReference section */

/* Begin PBXFrameworksBuildPhase section */
		5908BD4B2894142100B8D037 /* Frameworks */ = {
			isa = PBXFrameworksBuildPhase;
			buildActionMask = 2147483647;
			files = (
			);
			runOnlyForDeploymentPostprocessing = 0;
		};
/* End PBXFrameworksBuildPhase section */

/* Begin PBXGroup section */
		5908BD452894142100B8D037 = {
			isa = PBXGroup;
			children = (
				5908BD582894150200B8D037 /* lib */,
				5908BD502894142100B8D037 /* src */,
				5908BD4F2894142100B8D037 /* Products */,
			);
			sourceTree = "<group>";
		};
		5908BD4F2894142100B8D037 /* Products */ = {
			isa = PBXGroup;
			children = (
				5908BD4E2894142100B8D037 /* images_op */,
			);
			name = Products;
			sourceTree = "<group>";
		};
		5908BD502894142100B8D037 /* src */ = {
			isa = PBXGroup;
			children = (
				5908BD512894142100B8D037 /* main.cpp */,
			);
			path = src;
			sourceTree = "<group>";
		};
		5908BD582894150200B8D037 /* lib */ = {
			isa = PBXGroup;
			children = (
				5908BD592894150200B8D037 /* libpng-1.6.37 */,
				5908BF6C2894150400B8D037 /* giflib-5.2.1 */,
			);
			path = lib;
			sourceTree = "<group>";
		};
		5908BD592894150200B8D037 /* libpng-1.6.37 */ = {
			isa = PBXGroup;
			children = (
				59CE4EF92897D15D00F57515 /* config.h */,
				59CE4EF82897D14D00F57515 /* pnglibconf.h */,
				5908BD5D2894150200B8D037 /* pnginfo.h */,
				5908BD602894150200B8D037 /* pngrio.c */,
				5908BD632894150200B8D037 /* pngerror.c */,
				5908BD682894150200B8D037 /* pngwio.c */,
				5908BD6C2894150200B8D037 /* pngstruct.h */,
				5908BD6F2894150200B8D037 /* pngtrans.c */,
				5908BD722894150200B8D037 /* pngpriv.h */,
				5908BD992894150200B8D037 /* pngwrite.c */,
				5908BDC02894150200B8D037 /* png.h */,
				5908BF042894150300B8D037 /* pngwutil.c */,
				5908BF072894150300B8D037 /* pngwtran.c */,
				5908BF0F2894150300B8D037 /* pngconf.h */,
				5908BF102894150300B8D037 /* pngpread.c */,
				5908BF112894150300B8D037 /* pngdebug.h */,
				5908BF122894150300B8D037 /* pngread.c */,
				5908BF612894150400B8D037 /* pngmem.c */,
				5908BF632894150400B8D037 /* pngget.c */,
				5908BF652894150400B8D037 /* png.c */,
				5908BF662894150400B8D037 /* pngrtran.c */,
				5908BF672894150400B8D037 /* pngrutil.c */,
				5908BF692894150400B8D037 /* pngset.c */,
			);
			path = "libpng-1.6.37";
			sourceTree = "<group>";
		};
		5908BF6C2894150400B8D037 /* giflib-5.2.1 */ = {
			isa = PBXGroup;
			children = (
				59CE4EFA2897D23400F57515 /* main */,
				5908BF6E2894150400B8D037 /* dgif_lib.c */,
				5908BF6D2894150400B8D037 /* egif_lib.c */,
				5908BF752894150400B8D037 /* getarg.c */,
				5908BFB12894150400B8D037 /* getarg.h */,
				5908C00E2894150400B8D037 /* gif_err.c */,
				5908BFB22894150400B8D037 /* gif_font.c */,
				5908BFB02894150400B8D037 /* gif_hash.c */,
				5908BF712894150400B8D037 /* gif_hash.h */,
				5908BF772894150400B8D037 /* gif_lib_private.h */,
				5908C00D2894150400B8D037 /* gif_lib.h */,
				5908BF7A2894150400B8D037 /* gifalloc.c */,
				5908BF792894150400B8D037 /* openbsd-reallocarray.c */,
				5908BF732894150400B8D037 /* qprintf.c */,
				5908BFAE2894150400B8D037 /* quantize.c */,
			);
			path = "giflib-5.2.1";
			sourceTree = "<group>";
		};
		59CE4EFA2897D23400F57515 /* main */ = {
			isa = PBXGroup;
			children = (
				5908C0102894150400B8D037 /* gif2rgb.c */,
				5908BFA02894150400B8D037 /* gifbg.c */,
				5908BF9F2894150400B8D037 /* gifbuild.c */,
				5908BFB32894150400B8D037 /* gifclrmp.c */,
				5908C0112894150400B8D037 /* gifcolor.c */,
				5908C0122894150400B8D037 /* gifecho.c */,
				5908C0152894150400B8D037 /* giffilter.c */,
				5908BF722894150400B8D037 /* giffix.c */,
				5908C00F2894150400B8D037 /* gifhisto.c */,
				5908BF742894150400B8D037 /* gifinto.c */,
				5908BF7B2894150400B8D037 /* gifsponge.c */,
				5908BFAC2894150400B8D037 /* giftext.c */,
				5908BF702894150400B8D037 /* giftool.c */,
				5908BF9D2894150400B8D037 /* gifwedge.c */,
			);
			name = main;
			sourceTree = "<group>";
		};
/* End PBXGroup section */

/* Begin PBXNativeTarget section */
		5908BD4D2894142100B8D037 /* images_op */ = {
			isa = PBXNativeTarget;
			buildConfigurationList = 5908BD552894142100B8D037 /* Build configuration list for PBXNativeTarget "images_op" */;
			buildPhases = (
				5908BD4A2894142100B8D037 /* Sources */,
				5908BD4B2894142100B8D037 /* Frameworks */,
				5908BD4C2894142100B8D037 /* CopyFiles */,
			);
			buildRules = (
			);
			dependencies = (
			);
			name = images_op;
			productName = images_op;
			productReference = 5908BD4E2894142100B8D037 /* images_op */;
			productType = "com.apple.product-type.tool";
		};
/* End PBXNativeTarget section */

/* Begin PBXProject section */
		5908BD462894142100B8D037 /* Project object */ = {
			isa = PBXProject;
			attributes = {
				BuildIndependentTargetsInParallel = 1;
				LastUpgradeCheck = 1320;
				TargetAttributes = {
					5908BD4D2894142100B8D037 = {
						CreatedOnToolsVersion = 13.2.1;
					};
				};
			};
			buildConfigurationList = 5908BD492894142100B8D037 /* Build configuration list for PBXProject "images_op" */;
			compatibilityVersion = "Xcode 13.0";
			developmentRegion = en;
			hasScannedForEncodings = 0;
			knownRegions = (
				en,
				Base,
			);
			mainGroup = 5908BD452894142100B8D037;
			productRefGroup = 5908BD4F2894142100B8D037 /* Products */;
			projectDirPath = "";
			projectRoot = "";
			targets = (
				5908BD4D2894142100B8D037 /* images_op */,
			);
		};
/* End PBXProject section */

/* Begin PBXSourcesBuildPhase section */
		5908BD4A2894142100B8D037 /* Sources */ = {
			isa = PBXSourcesBuildPhase;
			buildActionMask = 2147483647;
			files = (
				5908C0612894150400B8D037 /* png.c in Sources */,
				5908C01A2894150400B8D037 /* pngerror.c in Sources */,
				5908C0212894150400B8D037 /* pngwrite.c in Sources */,
				5908C01B2894150400B8D037 /* pngwio.c in Sources */,
				5908C06E2894150400B8D037 /* gifalloc.c in Sources */,
				5908C04E2894150400B8D037 /* pngwutil.c in Sources */,
				5908C0652894150400B8D037 /* egif_lib.c in Sources */,
				5908C06D2894150400B8D037 /* openbsd-reallocarray.c in Sources */,
				5908C04F2894150400B8D037 /* pngwtran.c in Sources */,
				5908C0602894150400B8D037 /* pngget.c in Sources */,
				5908C0762894150400B8D037 /* gif_hash.c in Sources */,
				5908C0632894150400B8D037 /* pngrutil.c in Sources */,
				5908C0532894150400B8D037 /* pngpread.c in Sources */,
				5908C0772894150400B8D037 /* gif_font.c in Sources */,
				5908C0622894150400B8D037 /* pngrtran.c in Sources */,
				5908BD522894142100B8D037 /* main.cpp in Sources */,
				5908C0692894150400B8D037 /* qprintf.c in Sources */,
				5908C0192894150400B8D037 /* pngrio.c in Sources */,
				5908C06B2894150400B8D037 /* getarg.c in Sources */,
				5908C0752894150400B8D037 /* quantize.c in Sources */,
				5908C01E2894150400B8D037 /* pngtrans.c in Sources */,
				5908C07A2894150400B8D037 /* gif_err.c in Sources */,
				5908C05F2894150400B8D037 /* pngmem.c in Sources */,
				5908C0662894150400B8D037 /* dgif_lib.c in Sources */,
				5908C0542894150400B8D037 /* pngread.c in Sources */,
				5908C0642894150400B8D037 /* pngset.c in Sources */,
			);
			runOnlyForDeploymentPostprocessing = 0;
		};
/* End PBXSourcesBuildPhase section */

/* Begin XCBuildConfiguration section */
		5908BD532894142100B8D037 /* Debug */ = {
			isa = XCBuildConfiguration;
			buildSettings = {
				ALWAYS_SEARCH_USER_PATHS = NO;
				CLANG_ANALYZER_NONNULL = YES;
				CLANG_ANALYZER_NUMBER_OBJECT_CONVERSION = YES_AGGRESSIVE;
				CLANG_CXX_LANGUAGE_STANDARD = "gnu++17";
				CLANG_CXX_LIBRARY = "libc++";
				CLANG_ENABLE_MODULES = YES;
				CLANG_ENABLE_OBJC_ARC = YES;
				CLANG_ENABLE_OBJC_WEAK = YES;
				CLANG_WARN_BLOCK_CAPTURE_AUTORELEASING = YES;
				CLANG_WARN_BOOL_CONVERSION = YES;
				CLANG_WARN_COMMA = YES;
				CLANG_WARN_CONSTANT_CONVERSION = YES;
				CLANG_WARN_DEPRECATED_OBJC_IMPLEMENTATIONS = YES;
				CLANG_WARN_DIRECT_OBJC_ISA_USAGE = YES_ERROR;
				CLANG_WARN_DOCUMENTATION_COMMENTS = YES;
				CLANG_WARN_EMPTY_BODY = YES;
				CLANG_WARN_ENUM_CONVERSION = YES;
				CLANG_WARN_INFINITE_RECURSION = YES;
				CLANG_WARN_INT_CONVERSION = YES;
				CLANG_WARN_NON_LITERAL_NULL_CONVERSION = YES;
				CLANG_WARN_OBJC_IMPLICIT_RETAIN_SELF = YES;
				CLANG_WARN_OBJC_LITERAL_CONVERSION = YES;
				CLANG_WARN_OBJC_ROOT_CLASS = YES_ERROR;
				CLANG_WARN_QUOTED_INCLUDE_IN_FRAMEWORK_HEADER = YES;
				CLANG_WARN_RANGE_LOOP_ANALYSIS = YES;
				CLANG_WARN_STRICT_PROTOTYPES = YES;
				CLANG_WARN_SUSPICIOUS_MOVE = YES;
				CLANG_WARN_UNGUARDED_AVAILABILITY = YES_AGGRESSIVE;
				CLANG_WARN_UNREACHABLE_CODE = YES;
				CLANG_WARN__DUPLICATE_METHOD_MATCH = YES;
				COPY_PHASE_STRIP = NO;
				DEBUG_INFORMATION_FORMAT = dwarf;
				ENABLE_STRICT_OBJC_MSGSEND = YES;
				ENABLE_TESTABILITY = YES;
				GCC_C_LANGUAGE_STANDARD = gnu11;
				GCC_DYNAMIC_NO_PIC = NO;
				GCC_NO_COMMON_BLOCKS = YES;
				GCC_OPTIMIZATION_LEVEL = 0;
				GCC_PREPROCESSOR_DEFINITIONS = (
					"DEBUG=1",
					"$(inherited)",
				);
				GCC_WARN_64_TO_32_BIT_CONVERSION = YES;
				GCC_WARN_ABOUT_RETURN_TYPE = YES_ERROR;
				GCC_WARN_UNDECLARED_SELECTOR = YES;
				GCC_WARN_UNINITIALIZED_AUTOS = YES_AGGRESSIVE;
				GCC_WARN_UNUSED_FUNCTION = YES;
				GCC_WARN_UNUSED_VARIABLE = YES;
				MACOSX_DEPLOYMENT_TARGET = 11.6;
				MTL_ENABLE_DEBUG_INFO = INCLUDE_SOURCE;
				MTL_FAST_MATH = YES;
				ONLY_ACTIVE_ARCH = YES;
				SDKROOT = macosx;
			};
			name = Debug;
		};
		5908BD542894142100B8D037 /* Release */ = {
			isa = XCBuildConfiguration;
			buildSettings = {
				ALWAYS_SEARCH_USER_PATHS = NO;
				CLANG_ANALYZER_NONNULL = YES;
				CLANG_ANALYZER_NUMBER_OBJECT_CONVERSION = YES_AGGRESSIVE;
				CLANG_CXX_LANGUAGE_STANDARD = "gnu++17";
				CLANG_CXX_LIBRARY = "libc++";
				CLANG_ENABLE_MODULES = YES;
				CLANG_ENABLE_OBJC_ARC = YES;
				CLANG_ENABLE_OBJC_WEAK = YES;
				CLANG_WARN_BLOCK_CAPTURE_AUTORELEASING = YES;
				CLANG_WARN_BOOL_CONVERSION = YES;
				CLANG_WARN_COMMA = YES;
				CLANG_WARN_CONSTANT_CONVERSION = YES;
				CLANG_WARN_DEPRECATED_OBJC_IMPLEMENTATIONS = YES;
				CLANG_WARN_DIRECT_OBJC_ISA_USAGE = YES_ERROR;
				CLANG_WARN_DOCUMENTATION_COMMENTS = YES;
				CLANG_WARN_EMPTY_BODY = YES;
				CLANG_WARN_ENUM_CONVERSION = YES;
				CLANG_WARN_INFINITE_RECURSION = YES;
				CLANG_WARN_INT_CONVERSION = YES;
				CLANG_WARN_NON_LITERAL_NULL_CONVERSION = YES;
				CLANG_WARN_OBJC_IMPLICIT_RETAIN_SELF = YES;
				CLANG_WARN_OBJC_LITERAL_CONVERSION = YES;
				CLANG_WARN_OBJC_ROOT_CLASS = YES_ERROR;
				CLANG_WARN_QUOTED_INCLUDE_IN_FRAMEWORK_HEADER = YES;
				CLANG_WARN_RANGE_LOOP_ANALYSIS = YES;
				CLANG_WARN_STRICT_PROTOTYPES = YES;
				CLANG_WARN_SUSPICIOUS_MOVE = YES;
				CLANG_WARN_UNGUARDED_AVAILABILITY = YES_AGGRESSIVE;
				CLANG_WARN_UNREACHABLE_CODE = YES;
				CLANG_WARN__DUPLICATE_METHOD_MATCH = YES;
				COPY_PHASE_STRIP = NO;
				DEBUG_INFORMATION_FORMAT = "dwarf-with-dsym";
				ENABLE_NS_ASSERTIONS = NO;
				ENABLE_STRICT_OBJC_MSGSEND = YES;
				GCC_C_LANGUAGE_STANDARD = gnu11;
				GCC_NO_COMMON_BLOCKS = YES;
				GCC_WARN_64_TO_32_BIT_CONVERSION = YES;
				GCC_WARN_ABOUT_RETURN_TYPE = YES_ERROR;
				GCC_WARN_UNDECLARED_SELECTOR = YES;
				GCC_WARN_UNINITIALIZED_AUTOS = YES_AGGRESSIVE;
				GCC_WARN_UNUSED_FUNCTION = YES;
				GCC_WARN_UNUSED_VARIABLE = YES;
				MACOSX_DEPLOYMENT_TARGET = 11.6;
				MTL_ENABLE_DEBUG_INFO = NO;
				MTL_FAST_MATH = YES;
				SDKROOT = macosx;
			};
			name = Release;
		};
		5908BD562894142100B8D037 /* Debug */ = {
			isa = XCBuildConfiguration;
			buildSettings = {
				CODE_SIGN_STYLE = Automatic;
				DEVELOPMENT_TEAM = 6D5DUQ6KTS;
				ENABLE_HARDENED_RUNTIME = YES;
				PRODUCT_NAME = "$(TARGET_NAME)";
			};
			name = Debug;
		};
		5908BD572894142100B8D037 /* Release */ = {
			isa = XCBuildConfiguration;
			buildSettings = {
				CODE_SIGN_STYLE = Automatic;
				DEVELOPMENT_TEAM = 6D5DUQ6KTS;
				ENABLE_HARDENED_RUNTIME = YES;
				PRODUCT_NAME = "$(TARGET_NAME)";
			};
			name = Release;
		};
/* End XCBuildConfiguration section */

/* Begin XCConfigurationList section */
		5908BD492894142100B8D037 /* Build configuration list for PBXProject "images_op" */ = {
			isa = XCConfigurationList;
			buildConfigurations = (
				5908BD532894142100B8D037 /* Debug */,
				5908BD542894142100B8D037 /* Release */,
			);
			defaultConfigurationIsVisible = 0;
			defaultConfigurationName = Release;
		};
		5908BD552894142100B8D037 /* Build configuration list for PBXNativeTarget "images_op" */ = {
			isa = XCConfigurationList;
			buildConfigurations = (
				5908BD562894142100B8D037 /* Debug */,
				5908BD572894142100B8D037 /* Release */,
			);
			defaultConfigurationIsVisible = 0;
			defaultConfigurationName = Release;
		};
/* End XCConfigurationList section */
	};
	rootObject = 5908BD462894142100B8D037 /* Project object */;
}
